// !$*UTF8*$!
{
	archiveVersion = 1;
	classes = {
	};
	objectVersion = 50;
	objects = {

/* Begin PBXBuildFile section */
		3B1373A22715CD6600F73C59 /* CurrentWeatherData.swift in Sources */ = {isa = PBXBuildFile; fileRef = 3B1373A12715CD6600F73C59 /* CurrentWeatherData.swift */; };
		3B1373A42717080600F73C59 /* CurrentWeather.swift in Sources */ = {isa = PBXBuildFile; fileRef = 3B1373A32717080600F73C59 /* CurrentWeather.swift */; };
		3B16926A271493A6004C792D /* AppDelegate.swift in Sources */ = {isa = PBXBuildFile; fileRef = 3B169269271493A6004C792D /* AppDelegate.swift */; };
		3B16926C271493A6004C792D /* SceneDelegate.swift in Sources */ = {isa = PBXBuildFile; fileRef = 3B16926B271493A6004C792D /* SceneDelegate.swift */; };
		3B16926E271493A6004C792D /* ViewController.swift in Sources */ = {isa = PBXBuildFile; fileRef = 3B16926D271493A6004C792D /* ViewController.swift */; };
		3B169271271493A6004C792D /* Main.storyboard in Resources */ = {isa = PBXBuildFile; fileRef = 3B16926F271493A6004C792D /* Main.storyboard */; };
		3B169273271493A7004C792D /* Assets.xcassets in Resources */ = {isa = PBXBuildFile; fileRef = 3B169272271493A7004C792D /* Assets.xcassets */; };
		3B169276271493A7004C792D /* LaunchScreen.storyboard in Resources */ = {isa = PBXBuildFile; fileRef = 3B169274271493A7004C792D /* LaunchScreen.storyboard */; };
		3B6D794C27159A7C003F2111 /* ViewControlerAlert.swift in Sources */ = {isa = PBXBuildFile; fileRef = 3B6D794B27159A7C003F2111 /* ViewControlerAlert.swift */; };
		3B6D79532715B1FD003F2111 /* NetworkManager.swift in Sources */ = {isa = PBXBuildFile; fileRef = 3B6D79522715B1FD003F2111 /* NetworkManager.swift */; };
		3B6D79572715B682003F2111 /* Constants.swift in Sources */ = {isa = PBXBuildFile; fileRef = 3B6D79562715B682003F2111 /* Constants.swift */; };
/* End PBXBuildFile section */

/* Begin PBXFileReference section */
		3B1373A12715CD6600F73C59 /* CurrentWeatherData.swift */ = {isa = PBXFileReference; lastKnownFileType = sourcecode.swift; path = CurrentWeatherData.swift; sourceTree = "<group>"; };
		3B1373A32717080600F73C59 /* CurrentWeather.swift */ = {isa = PBXFileReference; lastKnownFileType = sourcecode.swift; path = CurrentWeather.swift; sourceTree = "<group>"; };
		3B169266271493A6004C792D /* Winter.app */ = {isa = PBXFileReference; explicitFileType = wrapper.application; includeInIndex = 0; path = Winter.app; sourceTree = BUILT_PRODUCTS_DIR; };
		3B169269271493A6004C792D /* AppDelegate.swift */ = {isa = PBXFileReference; lastKnownFileType = sourcecode.swift; path = AppDelegate.swift; sourceTree = "<group>"; };
		3B16926B271493A6004C792D /* SceneDelegate.swift */ = {isa = PBXFileReference; lastKnownFileType = sourcecode.swift; path = SceneDelegate.swift; sourceTree = "<group>"; };
		3B16926D271493A6004C792D /* ViewController.swift */ = {isa = PBXFileReference; lastKnownFileType = sourcecode.swift; path = ViewController.swift; sourceTree = "<group>"; };
		3B169270271493A6004C792D /* Base */ = {isa = PBXFileReference; lastKnownFileType = file.storyboard; name = Base; path = Base.lproj/Main.storyboard; sourceTree = "<group>"; };
		3B169272271493A7004C792D /* Assets.xcassets */ = {isa = PBXFileReference; lastKnownFileType = folder.assetcatalog; path = Assets.xcassets; sourceTree = "<group>"; };
		3B169275271493A7004C792D /* Base */ = {isa = PBXFileReference; lastKnownFileType = file.storyboard; name = Base; path = Base.lproj/LaunchScreen.storyboard; sourceTree = "<group>"; };
		3B169277271493A7004C792D /* Info.plist */ = {isa = PBXFileReference; lastKnownFileType = text.plist.xml; path = Info.plist; sourceTree = "<group>"; };
		3B6D794B27159A7C003F2111 /* ViewControlerAlert.swift */ = {isa = PBXFileReference; lastKnownFileType = sourcecode.swift; path = ViewControlerAlert.swift; sourceTree = "<group>"; };
		3B6D79522715B1FD003F2111 /* NetworkManager.swift */ = {isa = PBXFileReference; lastKnownFileType = sourcecode.swift; path = NetworkManager.swift; sourceTree = "<group>"; };
		3B6D79562715B682003F2111 /* Constants.swift */ = {isa = PBXFileReference; lastKnownFileType = sourcecode.swift; path = Constants.swift; sourceTree = "<group>"; };
/* End PBXFileReference section */

/* Begin PBXFrameworksBuildPhase section */
		3B169263271493A6004C792D /* Frameworks */ = {
			isa = PBXFrameworksBuildPhase;
			buildActionMask = 2147483647;
			files = (
			);
			runOnlyForDeploymentPostprocessing = 0;
		};
/* End PBXFrameworksBuildPhase section */

/* Begin PBXGroup section */
		3B16925D271493A6004C792D = {
			isa = PBXGroup;
			children = (
				3B169268271493A6004C792D /* Winter */,
				3B169267271493A6004C792D /* Products */,
			);
			sourceTree = "<group>";
		};
		3B169267271493A6004C792D /* Products */ = {
			isa = PBXGroup;
			children = (
				3B169266271493A6004C792D /* Winter.app */,
			);
			name = Products;
			sourceTree = "<group>";
		};
		3B169268271493A6004C792D /* Winter */ = {
			isa = PBXGroup;
			children = (
				3B6D794D2715B094003F2111 /* Delegate */,
				3B6D794F2715B0D8003F2111 /* Model */,
				3B6D79502715B17B003F2111 /* View */,
				3B6D794E2715B0A5003F2111 /* Controllers */,
				3B6D79512715B1C4003F2111 /* SupportFile */,
			);
			path = Winter;
			sourceTree = "<group>";
		};
		3B6D794D2715B094003F2111 /* Delegate */ = {
			isa = PBXGroup;
			children = (
				3B169269271493A6004C792D /* AppDelegate.swift */,
				3B16926B271493A6004C792D /* SceneDelegate.swift */,
			);
			path = Delegate;
			sourceTree = "<group>";
		};
		3B6D794E2715B0A5003F2111 /* Controllers */ = {
			isa = PBXGroup;
			children = (
				3B16926F271493A6004C792D /* Main.storyboard */,
				3B169274271493A7004C792D /* LaunchScreen.storyboard */,
			);
			path = Controllers;
			sourceTree = "<group>";
		};
		3B6D794F2715B0D8003F2111 /* Model */ = {
			isa = PBXGroup;
			children = (
				3B6D79522715B1FD003F2111 /* NetworkManager.swift */,
				3B1373A12715CD6600F73C59 /* CurrentWeatherData.swift */,
				3B1373A32717080600F73C59 /* CurrentWeather.swift */,
			);
			path = Model;
			sourceTree = "<group>";
		};
		3B6D79502715B17B003F2111 /* View */ = {
			isa = PBXGroup;
			children = (
				3B16926D271493A6004C792D /* ViewController.swift */,
				3B6D794B27159A7C003F2111 /* ViewControlerAlert.swift */,
			);
			path = View;
			sourceTree = "<group>";
		};
		3B6D79512715B1C4003F2111 /* SupportFile */ = {
			isa = PBXGroup;
			children = (
				3B6D79562715B682003F2111 /* Constants.swift */,
				3B169272271493A7004C792D /* Assets.xcassets */,
				3B169277271493A7004C792D /* Info.plist */,
			);
			path = SupportFile;
			sourceTree = "<group>";
		};
/* End PBXGroup section */

/* Begin PBXNativeTarget section */
		3B169265271493A6004C792D /* Winter */ = {
			isa = PBXNativeTarget;
			buildConfigurationList = 3B16927A271493A7004C792D /* Build configuration list for PBXNativeTarget "Winter" */;
			buildPhases = (
				3B169262271493A6004C792D /* Sources */,
				3B169263271493A6004C792D /* Frameworks */,
				3B169264271493A6004C792D /* Resources */,
			);
			buildRules = (
			);
			dependencies = (
			);
			name = Winter;
			productName = Winter;
			productReference = 3B169266271493A6004C792D /* Winter.app */;
			productType = "com.apple.product-type.application";
		};
/* End PBXNativeTarget section */

/* Begin PBXProject section */
		3B16925E271493A6004C792D /* Project object */ = {
			isa = PBXProject;
			attributes = {
				LastSwiftUpdateCheck = 1250;
				LastUpgradeCheck = 1250;
				TargetAttributes = {
					3B169265271493A6004C792D = {
						CreatedOnToolsVersion = 12.5.1;
					};
				};
			};
			buildConfigurationList = 3B169261271493A6004C792D /* Build configuration list for PBXProject "Winter" */;
			compatibilityVersion = "Xcode 9.3";
			developmentRegion = en;
			hasScannedForEncodings = 0;
			knownRegions = (
				en,
				Base,
			);
			mainGroup = 3B16925D271493A6004C792D;
			productRefGroup = 3B169267271493A6004C792D /* Products */;
			projectDirPath = "";
			projectRoot = "";
			targets = (
				3B169265271493A6004C792D /* Winter */,
			);
		};
/* End PBXProject section */

/* Begin PBXResourcesBuildPhase section */
		3B169264271493A6004C792D /* Resources */ = {
			isa = PBXResourcesBuildPhase;
			buildActionMask = 2147483647;
			files = (
				3B169276271493A7004C792D /* LaunchScreen.storyboard in Resources */,
				3B169273271493A7004C792D /* Assets.xcassets in Resources */,
				3B169271271493A6004C792D /* Main.storyboard in Resources */,
			);
			runOnlyForDeploymentPostprocessing = 0;
		};
/* End PBXResourcesBuildPhase section */

/* Begin PBXSourcesBuildPhase section */
		3B169262271493A6004C792D /* Sources */ = {
			isa = PBXSourcesBuildPhase;
			buildActionMask = 2147483647;
			files = (
				3B16926E271493A6004C792D /* ViewController.swift in Sources */,
				3B16926A271493A6004C792D /* AppDelegate.swift in Sources */,
				3B1373A42717080600F73C59 /* CurrentWeather.swift in Sources */,
				3B6D79532715B1FD003F2111 /* NetworkManager.swift in Sources */,
				3B6D794C27159A7C003F2111 /* ViewControlerAlert.swift in Sources */,
				3B16926C271493A6004C792D /* SceneDelegate.swift in Sources */,
				3B1373A22715CD6600F73C59 /* CurrentWeatherData.swift in Sources */,
				3B6D79572715B682003F2111 /* Constants.swift in Sources */,
			);
			runOnlyForDeploymentPostprocessing = 0;
		};
/* End PBXSourcesBuildPhase section */

/* Begin PBXVariantGroup section */
		3B16926F271493A6004C792D /* Main.storyboard */ = {
			isa = PBXVariantGroup;
			children = (
				3B169270271493A6004C792D /* Base */,
			);
			name = Main.storyboard;
			sourceTree = "<group>";
		};
		3B169274271493A7004C792D /* LaunchScreen.storyboard */ = {
			isa = PBXVariantGroup;
			children = (
				3B169275271493A7004C792D /* Base */,
			);
			name = LaunchScreen.storyboard;
			sourceTree = "<group>";
		};
/* End PBXVariantGroup section */

/* Begin XCBuildConfiguration section */
		3B169278271493A7004C792D /* Debug */ = {
			isa = XCBuildConfiguration;
			buildSettings = {
				ALWAYS_SEARCH_USER_PATHS = NO;
				CLANG_ANALYZER_NONNULL = YES;
				CLANG_ANALYZER_NUMBER_OBJECT_CONVERSION = YES_AGGRESSIVE;
				CLANG_CXX_LANGUAGE_STANDARD = "gnu++14";
				CLANG_CXX_LIBRARY = "libc++";
				CLANG_ENABLE_MODULES = YES;
				CLANG_ENABLE_OBJC_ARC = YES;
				CLANG_ENABLE_OBJC_WEAK = YES;
				CLANG_WARN_BLOCK_CAPTURE_AUTORELEASING = YES;
				CLANG_WARN_BOOL_CONVERSION = YES;
				CLANG_WARN_COMMA = YES;
				CLANG_WARN_CONSTANT_CONVERSION = YES;
				CLANG_WARN_DEPRECATED_OBJC_IMPLEMENTATIONS = YES;
				CLANG_WARN_DIRECT_OBJC_ISA_USAGE = YES_ERROR;
				CLANG_WARN_DOCUMENTATION_COMMENTS = YES;
				CLANG_WARN_EMPTY_BODY = YES;
				CLANG_WARN_ENUM_CONVERSION = YES;
				CLANG_WARN_INFINITE_RECURSION = YES;
				CLANG_WARN_INT_CONVERSION = YES;
				CLANG_WARN_NON_LITERAL_NULL_CONVERSION = YES;
				CLANG_WARN_OBJC_IMPLICIT_RETAIN_SELF = YES;
				CLANG_WARN_OBJC_LITERAL_CONVERSION = YES;
				CLANG_WARN_OBJC_ROOT_CLASS = YES_ERROR;
				CLANG_WARN_QUOTED_INCLUDE_IN_FRAMEWORK_HEADER = YES;
				CLANG_WARN_RANGE_LOOP_ANALYSIS = YES;
				CLANG_WARN_STRICT_PROTOTYPES = YES;
				CLANG_WARN_SUSPICIOUS_MOVE = YES;
				CLANG_WARN_UNGUARDED_AVAILABILITY = YES_AGGRESSIVE;
				CLANG_WARN_UNREACHABLE_CODE = YES;
				CLANG_WARN__DUPLICATE_METHOD_MATCH = YES;
				COPY_PHASE_STRIP = NO;
				DEBUG_INFORMATION_FORMAT = dwarf;
				ENABLE_STRICT_OBJC_MSGSEND = YES;
				ENABLE_TESTABILITY = YES;
				GCC_C_LANGUAGE_STANDARD = gnu11;
				GCC_DYNAMIC_NO_PIC = NO;
				GCC_NO_COMMON_BLOCKS = YES;
				GCC_OPTIMIZATION_LEVEL = 0;
				GCC_PREPROCESSOR_DEFINITIONS = (
					"DEBUG=1",
					"$(inherited)",
				);
				GCC_WARN_64_TO_32_BIT_CONVERSION = YES;
				GCC_WARN_ABOUT_RETURN_TYPE = YES_ERROR;
				GCC_WARN_UNDECLARED_SELECTOR = YES;
				GCC_WARN_UNINITIALIZED_AUTOS = YES_AGGRESSIVE;
				GCC_WARN_UNUSED_FUNCTION = YES;
				GCC_WARN_UNUSED_VARIABLE = YES;
				IPHONEOS_DEPLOYMENT_TARGET = 14.5;
				MTL_ENABLE_DEBUG_INFO = INCLUDE_SOURCE;
				MTL_FAST_MATH = YES;
				ONLY_ACTIVE_ARCH = YES;
				SDKROOT = iphoneos;
				SWIFT_ACTIVE_COMPILATION_CONDITIONS = DEBUG;
				SWIFT_OPTIMIZATION_LEVEL = "-Onone";
			};
			name = Debug;
		};
		3B169279271493A7004C792D /* Release */ = {
			isa = XCBuildConfiguration;
			buildSettings = {
				ALWAYS_SEARCH_USER_PATHS = NO;
				CLANG_ANALYZER_NONNULL = YES;
				CLANG_ANALYZER_NUMBER_OBJECT_CONVERSION = YES_AGGRESSIVE;
				CLANG_CXX_LANGUAGE_STANDARD = "gnu++14";
				CLANG_CXX_LIBRARY = "libc++";
				CLANG_ENABLE_MODULES = YES;
				CLANG_ENABLE_OBJC_ARC = YES;
				CLANG_ENABLE_OBJC_WEAK = YES;
				CLANG_WARN_BLOCK_CAPTURE_AUTORELEASING = YES;
				CLANG_WARN_BOOL_CONVERSION = YES;
				CLANG_WARN_COMMA = YES;
				CLANG_WARN_CONSTANT_CONVERSION = YES;
				CLANG_WARN_DEPRECATED_OBJC_IMPLEMENTATIONS = YES;
				CLANG_WARN_DIRECT_OBJC_ISA_USAGE = YES_ERROR;
				CLANG_WARN_DOCUMENTATION_COMMENTS = YES;
				CLANG_WARN_EMPTY_BODY = YES;
				CLANG_WARN_ENUM_CONVERSION = YES;
				CLANG_WARN_INFINITE_RECURSION = YES;
				CLANG_WARN_INT_CONVERSION = YES;
				CLANG_WARN_NON_LITERAL_NULL_CONVERSION = YES;
				CLANG_WARN_OBJC_IMPLICIT_RETAIN_SELF = YES;
				CLANG_WARN_OBJC_LITERAL_CONVERSION = YES;
				CLANG_WARN_OBJC_ROOT_CLASS = YES_ERROR;
				CLANG_WARN_QUOTED_INCLUDE_IN_FRAMEWORK_HEADER = YES;
				CLANG_WARN_RANGE_LOOP_ANALYSIS = YES;
				CLANG_WARN_STRICT_PROTOTYPES = YES;
				CLANG_WARN_SUSPICIOUS_MOVE = YES;
				CLANG_WARN_UNGUARDED_AVAILABILITY = YES_AGGRESSIVE;
				CLANG_WARN_UNREACHABLE_CODE = YES;
				CLANG_WARN__DUPLICATE_METHOD_MATCH = YES;
				COPY_PHASE_STRIP = NO;
				DEBUG_INFORMATION_FORMAT = "dwarf-with-dsym";
				ENABLE_NS_ASSERTIONS = NO;
				ENABLE_STRICT_OBJC_MSGSEND = YES;
				GCC_C_LANGUAGE_STANDARD = gnu11;
				GCC_NO_COMMON_BLOCKS = YES;
				GCC_WARN_64_TO_32_BIT_CONVERSION = YES;
				GCC_WARN_ABOUT_RETURN_TYPE = YES_ERROR;
				GCC_WARN_UNDECLARED_SELECTOR = YES;
				GCC_WARN_UNINITIALIZED_AUTOS = YES_AGGRESSIVE;
				GCC_WARN_UNUSED_FUNCTION = YES;
				GCC_WARN_UNUSED_VARIABLE = YES;
				IPHONEOS_DEPLOYMENT_TARGET = 14.5;
				MTL_ENABLE_DEBUG_INFO = NO;
				MTL_FAST_MATH = YES;
				SDKROOT = iphoneos;
				SWIFT_COMPILATION_MODE = wholemodule;
				SWIFT_OPTIMIZATION_LEVEL = "-O";
				VALIDATE_PRODUCT = YES;
			};
			name = Release;
		};
		3B16927B271493A7004C792D /* Debug */ = {
			isa = XCBuildConfiguration;
			buildSettings = {
				ASSETCATALOG_COMPILER_APPICON_NAME = AppIcon;
				ASSETCATALOG_COMPILER_GLOBAL_ACCENT_COLOR_NAME = AccentColor;
				CODE_SIGN_STYLE = Automatic;
				DEVELOPMENT_TEAM = Z2TC3L6A9U;
				INFOPLIST_FILE = Winter/Info.plist;
				"INFOPLIST_FILE[sdk=*]" = Winter/SupportFile/Info.plist;
				LD_RUNPATH_SEARCH_PATHS = (
					"$(inherited)",
					"@executable_path/Frameworks",
				);
				PRODUCT_BUNDLE_IDENTIFIER = "Danya-Belskiy.Winter";
				PRODUCT_NAME = "$(TARGET_NAME)";
				SWIFT_VERSION = 5.0;
				TARGETED_DEVICE_FAMILY = "1,2";
			};
			name = Debug;
		};
		3B16927C271493A7004C792D /* Release */ = {
			isa = XCBuildConfiguration;
			buildSettings = {
				ASSETCATALOG_COMPILER_APPICON_NAME = AppIcon;
				ASSETCATALOG_COMPILER_GLOBAL_ACCENT_COLOR_NAME = AccentColor;
				CODE_SIGN_STYLE = Automatic;
				DEVELOPMENT_TEAM = Z2TC3L6A9U;
				INFOPLIST_FILE = Winter/Info.plist;
				LD_RUNPATH_SEARCH_PATHS = (
					"$(inherited)",
					"@executable_path/Frameworks",
				);
				PRODUCT_BUNDLE_IDENTIFIER = "Danya-Belskiy.Winter";
				PRODUCT_NAME = "$(TARGET_NAME)";
				SWIFT_VERSION = 5.0;
				TARGETED_DEVICE_FAMILY = "1,2";
			};
			name = Release;
		};
/* End XCBuildConfiguration section */

/* Begin XCConfigurationList section */
		3B169261271493A6004C792D /* Build configuration list for PBXProject "Winter" */ = {
			isa = XCConfigurationList;
			buildConfigurations = (
				3B169278271493A7004C792D /* Debug */,
				3B169279271493A7004C792D /* Release */,
			);
			defaultConfigurationIsVisible = 0;
			defaultConfigurationName = Release;
		};
		3B16927A271493A7004C792D /* Build configuration list for PBXNativeTarget "Winter" */ = {
			isa = XCConfigurationList;
			buildConfigurations = (
				3B16927B271493A7004C792D /* Debug */,
				3B16927C271493A7004C792D /* Release */,
			);
			defaultConfigurationIsVisible = 0;
			defaultConfigurationName = Release;
		};
/* End XCConfigurationList section */
	};
	rootObject = 3B16925E271493A6004C792D /* Project object */;
}
